{
  "projects": [
    {
      "projectId": "95xp9cYcv7HrNWpFWWhbcv",
      "version": "2.2.1",
      "dependencies": {},
      "lang": "ts",
      "fileLocks": [
        {
          "assetId": "95xp9cYcv7HrNWpFWWhbcv",
          "type": "projectCss",
          "checksum": "0ea7f316b00bbf58eb1d8d191c060be3"
        },
        {
          "type": "image",
          "assetId": "pAcQ-9j-MkaY",
          "checksum": "c263e67c06cb18ec9feeae243a6f8fa0"
        }
      ],
      "codegenVersion": "0.0.1"
    },
    {
      "projectId": "vn4GCfRoYe35APzZGsNDnF",
      "version": "latest",
      "dependencies": {
        "95xp9cYcv7HrNWpFWWhbcv": "2.2.1"
      },
      "lang": "ts",
      "fileLocks": [
        {
          "type": "globalVariant",
          "assetId": "-7b4JcqpiMNuGn",
          "checksum": "155737bb66fce70d6b7e62bfaede6f43"
        },
        {
          "assetId": "vn4GCfRoYe35APzZGsNDnF",
          "type": "projectCss",
          "checksum": "e26452cc03e34ddc0f6546bce27ca80c"
        },
        {
          "assetId": "vn4GCfRoYe35APzZGsNDnF",
          "checksum": "4edabf6ded072a31156441ee0e797ada",
          "type": "globalContexts"
        },
        {
          "type": "renderModule",
          "assetId": "dv9qw-MMxIGQ3",
          "checksum": "785be59738ac6b5d8bb087bfd012a3f3"
        },
        {
          "type": "cssRules",
          "assetId": "dv9qw-MMxIGQ3",
          "checksum": "785be59738ac6b5d8bb087bfd012a3f3"
        },
        {
          "type": "renderModule",
          "assetId": "_gxfyOiD26jFy",
          "checksum": "31116e2bad381735d7a8ba5bef9c27f2"
        },
        {
          "type": "cssRules",
          "assetId": "_gxfyOiD26jFy",
          "checksum": "31116e2bad381735d7a8ba5bef9c27f2"
        },
        {
          "type": "renderModule",
          "assetId": "HEtuu_qCUDpai",
          "checksum": "f174038267ae22258d3ffeceb3cd1698"
        },
        {
          "type": "cssRules",
          "assetId": "HEtuu_qCUDpai",
          "checksum": "f174038267ae22258d3ffeceb3cd1698"
        },
        {
          "type": "renderModule",
          "assetId": "GCfRhgbsLCs4E",
          "checksum": "13c32593dbb7124ca784aa3b986898c4"
        },
        {
          "type": "cssRules",
          "assetId": "GCfRhgbsLCs4E",
          "checksum": "13c32593dbb7124ca784aa3b986898c4"
        },
        {
          "type": "renderModule",
          "assetId": "nH5iseI9bs8m34",
          "checksum": "a40ef5195db50ba0d4d8d79476567fdc"
        },
        {
          "type": "cssRules",
          "assetId": "nH5iseI9bs8m34",
          "checksum": "a40ef5195db50ba0d4d8d79476567fdc"
        },
        {
          "type": "renderModule",
          "assetId": "iNyke70nGoPOKT",
          "checksum": "08d73d08c7319fb27c2c6ead0e5f1f2a"
        },
        {
          "type": "cssRules",
          "assetId": "iNyke70nGoPOKT",
          "checksum": "08d73d08c7319fb27c2c6ead0e5f1f2a"
        },
        {
          "type": "renderModule",
          "assetId": "ebwNt8o70vdJfl",
          "checksum": "ff9078a46e5615dc3e0c2db445434f8a"
        },
        {
          "type": "cssRules",
          "assetId": "ebwNt8o70vdJfl",
          "checksum": "ff9078a46e5615dc3e0c2db445434f8a"
        },
        {
          "type": "renderModule",
          "assetId": "Ut_4sWTqalBqM5",
          "checksum": "1fde4ab15e64e9eb9937ac5c2fe1725e"
        },
        {
          "type": "cssRules",
          "assetId": "Ut_4sWTqalBqM5",
          "checksum": "1fde4ab15e64e9eb9937ac5c2fe1725e"
        },
        {
          "type": "renderModule",
          "assetId": "r8X98dJYm7GeAX",
          "checksum": "b6895d49c4d81fa2c1c1a4536f30321a"
        },
        {
          "type": "cssRules",
          "assetId": "r8X98dJYm7GeAX",
          "checksum": "b6895d49c4d81fa2c1c1a4536f30321a"
        },
        {
          "type": "renderModule",
          "assetId": "STFktgEGldddDo",
          "checksum": "a456696ca3dfe2a8a1c37bc62c9668a2"
        },
        {
          "type": "cssRules",
          "assetId": "STFktgEGldddDo",
          "checksum": "a456696ca3dfe2a8a1c37bc62c9668a2"
        },
        {
          "type": "renderModule",
          "assetId": "3WSrLSDMSkvMlu",
          "checksum": "fccddfdeb0c93f4ca27847e11190217e"
        },
        {
          "type": "cssRules",
          "assetId": "3WSrLSDMSkvMlu",
          "checksum": "fccddfdeb0c93f4ca27847e11190217e"
        },
        {
          "type": "renderModule",
          "assetId": "WjKEpmN7XX2qVX",
          "checksum": "5cae5bfa9601ba50910306d9978415e3"
        },
        {
          "type": "cssRules",
          "assetId": "WjKEpmN7XX2qVX",
          "checksum": "5cae5bfa9601ba50910306d9978415e3"
        },
        {
          "type": "renderModule",
          "assetId": "RN8SoV_Y6fgMzV",
          "checksum": "24c9c7fc02d5d690bc4785c6a03d5ca2"
        },
        {
          "type": "cssRules",
          "assetId": "RN8SoV_Y6fgMzV",
          "checksum": "24c9c7fc02d5d690bc4785c6a03d5ca2"
        },
        {
          "type": "renderModule",
          "assetId": "xkAYXInzzC2Et5",
          "checksum": "c5f6243caa7bdb6ccfc384174fd29ab8"
        },
        {
          "type": "cssRules",
          "assetId": "xkAYXInzzC2Et5",
          "checksum": "c5f6243caa7bdb6ccfc384174fd29ab8"
        },
        {
          "type": "renderModule",
          "assetId": "GaFy0B6nir_9z0",
          "checksum": "aaf34e50148f79c95da5a71a6ee5a30f"
        },
        {
          "type": "cssRules",
          "assetId": "GaFy0B6nir_9z0",
          "checksum": "aaf34e50148f79c95da5a71a6ee5a30f"
        },
        {
          "type": "renderModule",
          "assetId": "N02-n_p-e8",
          "checksum": "24f5a3923a65bd21fed84ada0f238d2e"
        },
        {
          "type": "cssRules",
          "assetId": "N02-n_p-e8",
          "checksum": "24f5a3923a65bd21fed84ada0f238d2e"
        },
        {
          "type": "icon",
          "assetId": "1vf-VilJfxtMgF",
          "checksum": "64e368d44035ca32fb5e8deb159f4ca8"
        },
        {
          "type": "icon",
          "assetId": "MCFtU6nrBV2xxK",
          "checksum": "9dcdbdde75fdb94109ab902bf1a32c34"
        },
        {
          "type": "icon",
          "assetId": "VvfIq5mXaQPSnt",
          "checksum": "14e64ef35b8309bcbc7f83a88c6de7ee"
        },
        {
          "type": "icon",
          "assetId": "uTuF4RGkjBOXGP",
          "checksum": "93615fdd21f1f2af81bd869ecee2183d"
        },
        {
          "type": "icon",
          "assetId": "LA7TScipP25zOl",
          "checksum": "bc8e2f85546bbf72c976cbac5cf16b63"
        },
        {
          "type": "icon",
          "assetId": "0N7_4VlElxuX3U",
          "checksum": "2a25986635fbe5ae5813cba9b6f8bb0a"
        },
        {
          "type": "icon",
          "assetId": "6-94mdzLN7_WkX",
          "checksum": "55639759a820a24738841fdcbf958edd"
        },
        {
          "type": "icon",
          "assetId": "avfRMLSCqXyHWi",
          "checksum": "44dbedb2bf6b9dc40d4053b6aa70cfde"
        },
        {
          "type": "image",
          "assetId": "NrqgcyWcuhEDVO",
          "checksum": "0c4c1fed866cd5dd9c63d47ba53a3d48"
        }
      ],
      "codegenVersion": "0.0.1"
    }
  ],
  "cliVersion": "0.1.216"
}
